{
  "name": "4FLOT-Website-Revamp",
  "lockfileVersion": 3,
  "requires": true,
  "packages": {
    "": {
      "dependencies": {
        "react-paypal-js": "^0.0.1-security"
      }
    },
    "node_modules/react-paypal-js": {
      "version": "0.0.1-security",
      "resolved": "https://registry.npmjs.org/react-paypal-js/-/react-paypal-js-0.0.1-security.tgz",
      "integrity": "sha512-mryql7EN5LyHtM0WmOE7bwlybGJBVpzXIg+fDPc8TwXs/jPkxm+MFoK35oNYPiBLZ8CHsdO0pNqyKet8McHXxg=="
    }
  }
}
